// !$*UTF8*$!
{
	archiveVersion = 1;
	classes = {
	};
	objectVersion = 56;
	objects = {

/* Begin PBXBuildFile section */
		3980422B2C09F6DC003807C4 /* SettingsView.swift in Sources */ = {isa = PBXBuildFile; fileRef = 3980422A2C09F6DC003807C4 /* SettingsView.swift */; };
		398042302C0A0E49003807C4 /* GeneralSettingsView.swift in Sources */ = {isa = PBXBuildFile; fileRef = 3980422F2C0A0E49003807C4 /* GeneralSettingsView.swift */; };
		398042322C0A0EE2003807C4 /* ModulesSettingsView.swift in Sources */ = {isa = PBXBuildFile; fileRef = 398042312C0A0EE2003807C4 /* ModulesSettingsView.swift */; };
		398042352C0A3D7F003807C4 /* MonitorsManager.swift in Sources */ = {isa = PBXBuildFile; fileRef = 398042342C0A3D7F003807C4 /* MonitorsManager.swift */; };
		398042372C0A3F94003807C4 /* CameraManager.swift in Sources */ = {isa = PBXBuildFile; fileRef = 398042362C0A3F94003807C4 /* CameraManager.swift */; };
		398042392C0A3F9F003807C4 /* LogsManager.swift in Sources */ = {isa = PBXBuildFile; fileRef = 398042382C0A3F9F003807C4 /* LogsManager.swift */; };
		3980423B2C0A468F003807C4 /* Global.swift in Sources */ = {isa = PBXBuildFile; fileRef = 3980423A2C0A468F003807C4 /* Global.swift */; };
		603347102BF0C49D0057AD8B /* SafeLockApp.swift in Sources */ = {isa = PBXBuildFile; fileRef = 6033470F2BF0C49D0057AD8B /* SafeLockApp.swift */; };
		603347142BF0C49E0057AD8B /* Assets.xcassets in Resources */ = {isa = PBXBuildFile; fileRef = 603347132BF0C49E0057AD8B /* Assets.xcassets */; };
		603347172BF0C49E0057AD8B /* Preview Assets.xcassets in Resources */ = {isa = PBXBuildFile; fileRef = 603347162BF0C49E0057AD8B /* Preview Assets.xcassets */; };
		603347202BF0C4BA0057AD8B /* AboutView.swift in Sources */ = {isa = PBXBuildFile; fileRef = 6033471F2BF0C4BA0057AD8B /* AboutView.swift */; };
		603347242BF0C6CB0057AD8B /* MainView.swift in Sources */ = {isa = PBXBuildFile; fileRef = 603347232BF0C6CB0057AD8B /* MainView.swift */; };
		603347292BF0C7D10057AD8B /* LogsView.swift in Sources */ = {isa = PBXBuildFile; fileRef = 603347282BF0C7D10057AD8B /* LogsView.swift */; };
		6033472D2BF0C9DD0057AD8B /* VideoPlayerView.swift in Sources */ = {isa = PBXBuildFile; fileRef = 6033472C2BF0C9DD0057AD8B /* VideoPlayerView.swift */; };
/* End PBXBuildFile section */

/* Begin PBXFileReference section */
		3980422A2C09F6DC003807C4 /* SettingsView.swift */ = {isa = PBXFileReference; lastKnownFileType = sourcecode.swift; path = SettingsView.swift; sourceTree = "<group>"; };
		3980422F2C0A0E49003807C4 /* GeneralSettingsView.swift */ = {isa = PBXFileReference; lastKnownFileType = sourcecode.swift; path = GeneralSettingsView.swift; sourceTree = "<group>"; };
		398042312C0A0EE2003807C4 /* ModulesSettingsView.swift */ = {isa = PBXFileReference; lastKnownFileType = sourcecode.swift; path = ModulesSettingsView.swift; sourceTree = "<group>"; };
		398042342C0A3D7F003807C4 /* MonitorsManager.swift */ = {isa = PBXFileReference; lastKnownFileType = sourcecode.swift; path = MonitorsManager.swift; sourceTree = "<group>"; };
		398042362C0A3F94003807C4 /* CameraManager.swift */ = {isa = PBXFileReference; lastKnownFileType = sourcecode.swift; path = CameraManager.swift; sourceTree = "<group>"; };
		398042382C0A3F9F003807C4 /* LogsManager.swift */ = {isa = PBXFileReference; lastKnownFileType = sourcecode.swift; path = LogsManager.swift; sourceTree = "<group>"; };
		3980423A2C0A468F003807C4 /* Global.swift */ = {isa = PBXFileReference; lastKnownFileType = sourcecode.swift; path = Global.swift; sourceTree = "<group>"; };
		6033470C2BF0C49D0057AD8B /* SafeLock.app */ = {isa = PBXFileReference; explicitFileType = wrapper.application; includeInIndex = 0; path = SafeLock.app; sourceTree = BUILT_PRODUCTS_DIR; };
		6033470F2BF0C49D0057AD8B /* SafeLockApp.swift */ = {isa = PBXFileReference; lastKnownFileType = sourcecode.swift; path = SafeLockApp.swift; sourceTree = "<group>"; };
		603347132BF0C49E0057AD8B /* Assets.xcassets */ = {isa = PBXFileReference; lastKnownFileType = folder.assetcatalog; path = Assets.xcassets; sourceTree = "<group>"; };
		603347162BF0C49E0057AD8B /* Preview Assets.xcassets */ = {isa = PBXFileReference; lastKnownFileType = folder.assetcatalog; path = "Preview Assets.xcassets"; sourceTree = "<group>"; };
		603347182BF0C49E0057AD8B /* SafeLock.entitlements */ = {isa = PBXFileReference; lastKnownFileType = text.plist.entitlements; path = SafeLock.entitlements; sourceTree = "<group>"; };
		6033471F2BF0C4BA0057AD8B /* AboutView.swift */ = {isa = PBXFileReference; lastKnownFileType = sourcecode.swift; path = AboutView.swift; sourceTree = "<group>"; };
		603347232BF0C6CB0057AD8B /* MainView.swift */ = {isa = PBXFileReference; lastKnownFileType = sourcecode.swift; path = MainView.swift; sourceTree = "<group>"; };
		603347282BF0C7D10057AD8B /* LogsView.swift */ = {isa = PBXFileReference; lastKnownFileType = sourcecode.swift; path = LogsView.swift; sourceTree = "<group>"; };
		6033472C2BF0C9DD0057AD8B /* VideoPlayerView.swift */ = {isa = PBXFileReference; lastKnownFileType = sourcecode.swift; path = VideoPlayerView.swift; sourceTree = "<group>"; };
/* End PBXFileReference section */

/* Begin PBXFrameworksBuildPhase section */
		603347092BF0C49D0057AD8B /* Frameworks */ = {
			isa = PBXFrameworksBuildPhase;
			buildActionMask = 2147483647;
			files = (
			);
			runOnlyForDeploymentPostprocessing = 0;
		};
/* End PBXFrameworksBuildPhase section */

/* Begin PBXGroup section */
		398042292C09F6CF003807C4 /* SettingsView */ = {
			isa = PBXGroup;
			children = (
				3980422F2C0A0E49003807C4 /* GeneralSettingsView.swift */,
				3980422A2C09F6DC003807C4 /* SettingsView.swift */,
				398042312C0A0EE2003807C4 /* ModulesSettingsView.swift */,
			);
			path = SettingsView;
			sourceTree = "<group>";
		};
		398042332C0A3D64003807C4 /* Managers */ = {
			isa = PBXGroup;
			children = (
				398042342C0A3D7F003807C4 /* MonitorsManager.swift */,
				398042362C0A3F94003807C4 /* CameraManager.swift */,
				398042382C0A3F9F003807C4 /* LogsManager.swift */,
			);
			path = Managers;
			sourceTree = "<group>";
		};
		603347032BF0C49D0057AD8B = {
			isa = PBXGroup;
			children = (
				6033470E2BF0C49D0057AD8B /* SafeLock */,
				6033470D2BF0C49D0057AD8B /* Products */,
			);
			sourceTree = "<group>";
		};
		6033470D2BF0C49D0057AD8B /* Products */ = {
			isa = PBXGroup;
			children = (
				6033470C2BF0C49D0057AD8B /* SafeLock.app */,
			);
			name = Products;
			sourceTree = "<group>";
		};
		6033470E2BF0C49D0057AD8B /* SafeLock */ = {
			isa = PBXGroup;
			children = (
				398042332C0A3D64003807C4 /* Managers */,
				6033471E2BF0C4B20057AD8B /* Views */,
				3980423A2C0A468F003807C4 /* Global.swift */,
				6033470F2BF0C49D0057AD8B /* SafeLockApp.swift */,
				603347132BF0C49E0057AD8B /* Assets.xcassets */,
				603347182BF0C49E0057AD8B /* SafeLock.entitlements */,
				603347152BF0C49E0057AD8B /* Preview Content */,
			);
			path = SafeLock;
			sourceTree = "<group>";
		};
		603347152BF0C49E0057AD8B /* Preview Content */ = {
			isa = PBXGroup;
			children = (
				603347162BF0C49E0057AD8B /* Preview Assets.xcassets */,
			);
			path = "Preview Content";
			sourceTree = "<group>";
		};
		6033471E2BF0C4B20057AD8B /* Views */ = {
			isa = PBXGroup;
			children = (
				398042292C09F6CF003807C4 /* SettingsView */,
				603347282BF0C7D10057AD8B /* LogsView.swift */,
				603347232BF0C6CB0057AD8B /* MainView.swift */,
				6033471F2BF0C4BA0057AD8B /* AboutView.swift */,
				6033472C2BF0C9DD0057AD8B /* VideoPlayerView.swift */,
			);
			path = Views;
			sourceTree = "<group>";
		};
/* End PBXGroup section */

/* Begin PBXNativeTarget section */
		6033470B2BF0C49D0057AD8B /* SafeLock */ = {
			isa = PBXNativeTarget;
			buildConfigurationList = 6033471B2BF0C49E0057AD8B /* Build configuration list for PBXNativeTarget "SafeLock" */;
			buildPhases = (
				603347082BF0C49D0057AD8B /* Sources */,
				603347092BF0C49D0057AD8B /* Frameworks */,
				6033470A2BF0C49D0057AD8B /* Resources */,
			);
			buildRules = (
			);
			dependencies = (
			);
			name = SafeLock;
			productName = SafeLock;
			productReference = 6033470C2BF0C49D0057AD8B /* SafeLock.app */;
			productType = "com.apple.product-type.application";
		};
/* End PBXNativeTarget section */

/* Begin PBXProject section */
		603347042BF0C49D0057AD8B /* Project object */ = {
			isa = PBXProject;
			attributes = {
				BuildIndependentTargetsInParallel = 1;
				LastSwiftUpdateCheck = 1530;
				LastUpgradeCheck = 1530;
				TargetAttributes = {
					6033470B2BF0C49D0057AD8B = {
						CreatedOnToolsVersion = 15.3;
					};
				};
			};
			buildConfigurationList = 603347072BF0C49D0057AD8B /* Build configuration list for PBXProject "SafeLock" */;
			compatibilityVersion = "Xcode 14.0";
			developmentRegion = en;
			hasScannedForEncodings = 0;
			knownRegions = (
				en,
				Base,
			);
			mainGroup = 603347032BF0C49D0057AD8B;
			productRefGroup = 6033470D2BF0C49D0057AD8B /* Products */;
			projectDirPath = "";
			projectRoot = "";
			targets = (
				6033470B2BF0C49D0057AD8B /* SafeLock */,
			);
		};
/* End PBXProject section */

/* Begin PBXResourcesBuildPhase section */
		6033470A2BF0C49D0057AD8B /* Resources */ = {
			isa = PBXResourcesBuildPhase;
			buildActionMask = 2147483647;
			files = (
				603347172BF0C49E0057AD8B /* Preview Assets.xcassets in Resources */,
				603347142BF0C49E0057AD8B /* Assets.xcassets in Resources */,
			);
			runOnlyForDeploymentPostprocessing = 0;
		};
/* End PBXResourcesBuildPhase section */

/* Begin PBXSourcesBuildPhase section */
		603347082BF0C49D0057AD8B /* Sources */ = {
			isa = PBXSourcesBuildPhase;
			buildActionMask = 2147483647;
			files = (
				603347202BF0C4BA0057AD8B /* AboutView.swift in Sources */,
				398042322C0A0EE2003807C4 /* ModulesSettingsView.swift in Sources */,
				3980422B2C09F6DC003807C4 /* SettingsView.swift in Sources */,
				398042392C0A3F9F003807C4 /* LogsManager.swift in Sources */,
				398042302C0A0E49003807C4 /* GeneralSettingsView.swift in Sources */,
				3980423B2C0A468F003807C4 /* Global.swift in Sources */,
				603347242BF0C6CB0057AD8B /* MainView.swift in Sources */,
				398042352C0A3D7F003807C4 /* MonitorsManager.swift in Sources */,
				603347102BF0C49D0057AD8B /* SafeLockApp.swift in Sources */,
				603347292BF0C7D10057AD8B /* LogsView.swift in Sources */,
				398042372C0A3F94003807C4 /* CameraManager.swift in Sources */,
				6033472D2BF0C9DD0057AD8B /* VideoPlayerView.swift in Sources */,
			);
			runOnlyForDeploymentPostprocessing = 0;
		};
/* End PBXSourcesBuildPhase section */

/* Begin XCBuildConfiguration section */
		603347192BF0C49E0057AD8B /* Debug */ = {
			isa = XCBuildConfiguration;
			buildSettings = {
				ALWAYS_SEARCH_USER_PATHS = NO;
				ASSETCATALOG_COMPILER_GENERATE_SWIFT_ASSET_SYMBOL_EXTENSIONS = YES;
				CLANG_ANALYZER_NONNULL = YES;
				CLANG_ANALYZER_NUMBER_OBJECT_CONVERSION = YES_AGGRESSIVE;
				CLANG_CXX_LANGUAGE_STANDARD = "gnu++20";
				CLANG_ENABLE_MODULES = YES;
				CLANG_ENABLE_OBJC_ARC = YES;
				CLANG_ENABLE_OBJC_WEAK = YES;
				CLANG_WARN_BLOCK_CAPTURE_AUTORELEASING = YES;
				CLANG_WARN_BOOL_CONVERSION = YES;
				CLANG_WARN_COMMA = YES;
				CLANG_WARN_CONSTANT_CONVERSION = YES;
				CLANG_WARN_DEPRECATED_OBJC_IMPLEMENTATIONS = YES;
				CLANG_WARN_DIRECT_OBJC_ISA_USAGE = YES_ERROR;
				CLANG_WARN_DOCUMENTATION_COMMENTS = YES;
				CLANG_WARN_EMPTY_BODY = YES;
				CLANG_WARN_ENUM_CONVERSION = YES;
				CLANG_WARN_INFINITE_RECURSION = YES;
				CLANG_WARN_INT_CONVERSION = YES;
				CLANG_WARN_NON_LITERAL_NULL_CONVERSION = YES;
				CLANG_WARN_OBJC_IMPLICIT_RETAIN_SELF = YES;
				CLANG_WARN_OBJC_LITERAL_CONVERSION = YES;
				CLANG_WARN_OBJC_ROOT_CLASS = YES_ERROR;
				CLANG_WARN_QUOTED_INCLUDE_IN_FRAMEWORK_HEADER = YES;
				CLANG_WARN_RANGE_LOOP_ANALYSIS = YES;
				CLANG_WARN_STRICT_PROTOTYPES = YES;
				CLANG_WARN_SUSPICIOUS_MOVE = YES;
				CLANG_WARN_UNGUARDED_AVAILABILITY = YES_AGGRESSIVE;
				CLANG_WARN_UNREACHABLE_CODE = YES;
				CLANG_WARN__DUPLICATE_METHOD_MATCH = YES;
				COPY_PHASE_STRIP = NO;
				DEBUG_INFORMATION_FORMAT = dwarf;
				ENABLE_STRICT_OBJC_MSGSEND = YES;
				ENABLE_TESTABILITY = YES;
				ENABLE_USER_SCRIPT_SANDBOXING = YES;
				GCC_C_LANGUAGE_STANDARD = gnu17;
				GCC_DYNAMIC_NO_PIC = NO;
				GCC_NO_COMMON_BLOCKS = YES;
				GCC_OPTIMIZATION_LEVEL = 0;
				GCC_PREPROCESSOR_DEFINITIONS = (
					"DEBUG=1",
					"$(inherited)",
				);
				GCC_WARN_64_TO_32_BIT_CONVERSION = YES;
				GCC_WARN_ABOUT_RETURN_TYPE = YES_ERROR;
				GCC_WARN_UNDECLARED_SELECTOR = YES;
				GCC_WARN_UNINITIALIZED_AUTOS = YES_AGGRESSIVE;
				GCC_WARN_UNUSED_FUNCTION = YES;
				GCC_WARN_UNUSED_VARIABLE = YES;
				LOCALIZATION_PREFERS_STRING_CATALOGS = YES;
				MACOSX_DEPLOYMENT_TARGET = 14.4;
				MTL_ENABLE_DEBUG_INFO = INCLUDE_SOURCE;
				MTL_FAST_MATH = YES;
				ONLY_ACTIVE_ARCH = YES;
				SDKROOT = macosx;
				SWIFT_ACTIVE_COMPILATION_CONDITIONS = "DEBUG $(inherited)";
				SWIFT_OPTIMIZATION_LEVEL = "-Onone";
			};
			name = Debug;
		};
		6033471A2BF0C49E0057AD8B /* Release */ = {
			isa = XCBuildConfiguration;
			buildSettings = {
				ALWAYS_SEARCH_USER_PATHS = NO;
				ASSETCATALOG_COMPILER_GENERATE_SWIFT_ASSET_SYMBOL_EXTENSIONS = YES;
				CLANG_ANALYZER_NONNULL = YES;
				CLANG_ANALYZER_NUMBER_OBJECT_CONVERSION = YES_AGGRESSIVE;
				CLANG_CXX_LANGUAGE_STANDARD = "gnu++20";
				CLANG_ENABLE_MODULES = YES;
				CLANG_ENABLE_OBJC_ARC = YES;
				CLANG_ENABLE_OBJC_WEAK = YES;
				CLANG_WARN_BLOCK_CAPTURE_AUTORELEASING = YES;
				CLANG_WARN_BOOL_CONVERSION = YES;
				CLANG_WARN_COMMA = YES;
				CLANG_WARN_CONSTANT_CONVERSION = YES;
				CLANG_WARN_DEPRECATED_OBJC_IMPLEMENTATIONS = YES;
				CLANG_WARN_DIRECT_OBJC_ISA_USAGE = YES_ERROR;
				CLANG_WARN_DOCUMENTATION_COMMENTS = YES;
				CLANG_WARN_EMPTY_BODY = YES;
				CLANG_WARN_ENUM_CONVERSION = YES;
				CLANG_WARN_INFINITE_RECURSION = YES;
				CLANG_WARN_INT_CONVERSION = YES;
				CLANG_WARN_NON_LITERAL_NULL_CONVERSION = YES;
				CLANG_WARN_OBJC_IMPLICIT_RETAIN_SELF = YES;
				CLANG_WARN_OBJC_LITERAL_CONVERSION = YES;
				CLANG_WARN_OBJC_ROOT_CLASS = YES_ERROR;
				CLANG_WARN_QUOTED_INCLUDE_IN_FRAMEWORK_HEADER = YES;
				CLANG_WARN_RANGE_LOOP_ANALYSIS = YES;
				CLANG_WARN_STRICT_PROTOTYPES = YES;
				CLANG_WARN_SUSPICIOUS_MOVE = YES;
				CLANG_WARN_UNGUARDED_AVAILABILITY = YES_AGGRESSIVE;
				CLANG_WARN_UNREACHABLE_CODE = YES;
				CLANG_WARN__DUPLICATE_METHOD_MATCH = YES;
				COPY_PHASE_STRIP = NO;
				DEBUG_INFORMATION_FORMAT = "dwarf-with-dsym";
				ENABLE_NS_ASSERTIONS = NO;
				ENABLE_STRICT_OBJC_MSGSEND = YES;
				ENABLE_USER_SCRIPT_SANDBOXING = YES;
				GCC_C_LANGUAGE_STANDARD = gnu17;
				GCC_NO_COMMON_BLOCKS = YES;
				GCC_WARN_64_TO_32_BIT_CONVERSION = YES;
				GCC_WARN_ABOUT_RETURN_TYPE = YES_ERROR;
				GCC_WARN_UNDECLARED_SELECTOR = YES;
				GCC_WARN_UNINITIALIZED_AUTOS = YES_AGGRESSIVE;
				GCC_WARN_UNUSED_FUNCTION = YES;
				GCC_WARN_UNUSED_VARIABLE = YES;
				LOCALIZATION_PREFERS_STRING_CATALOGS = YES;
				MACOSX_DEPLOYMENT_TARGET = 14.4;
				MTL_ENABLE_DEBUG_INFO = NO;
				MTL_FAST_MATH = YES;
				SDKROOT = macosx;
				SWIFT_COMPILATION_MODE = wholemodule;
			};
			name = Release;
		};
		6033471C2BF0C49E0057AD8B /* Debug */ = {
			isa = XCBuildConfiguration;
			buildSettings = {
				ASSETCATALOG_COMPILER_APPICON_NAME = AppIcon;
				ASSETCATALOG_COMPILER_GLOBAL_ACCENT_COLOR_NAME = AccentColor;
				CODE_SIGN_ENTITLEMENTS = SafeLock/SafeLock.entitlements;
				CODE_SIGN_IDENTITY = "Apple Development";
				"CODE_SIGN_IDENTITY[sdk=macosx*]" = "-";
				CODE_SIGN_STYLE = Manual;
				COMBINE_HIDPI_IMAGES = YES;
				CURRENT_PROJECT_VERSION = 2.2.0;
				DEVELOPMENT_ASSET_PATHS = "\"SafeLock/Preview Content\"";
				DEVELOPMENT_TEAM = "";
				ENABLE_HARDENED_RUNTIME = NO;
				ENABLE_PREVIEWS = YES;
				GENERATE_INFOPLIST_FILE = YES;
				INFOPLIST_KEY_CFBundleDisplayName = SafeLock;
				INFOPLIST_KEY_LSApplicationCategoryType = "public.app-category.utilities";
				INFOPLIST_KEY_NSCameraUsageDescription = "Record Webcam";
				INFOPLIST_KEY_NSHumanReadableCopyright = "";
				LD_RUNPATH_SEARCH_PATHS = (
					"$(inherited)",
					"@executable_path/../Frameworks",
				);
				MARKETING_VERSION = 2.2.0;
				PRODUCT_BUNDLE_IDENTIFIER = Zarox28.SafeLock;
				PRODUCT_NAME = "$(TARGET_NAME)";
				PROVISIONING_PROFILE_SPECIFIER = "";
				SWIFT_EMIT_LOC_STRINGS = YES;
				SWIFT_VERSION = 5.0;
			};
			name = Debug;
		};
		6033471D2BF0C49E0057AD8B /* Release */ = {
			isa = XCBuildConfiguration;
			buildSettings = {
				ASSETCATALOG_COMPILER_APPICON_NAME = AppIcon;
				ASSETCATALOG_COMPILER_GLOBAL_ACCENT_COLOR_NAME = AccentColor;
				CODE_SIGN_ENTITLEMENTS = SafeLock/SafeLock.entitlements;
				CODE_SIGN_IDENTITY = "Apple Development";
				"CODE_SIGN_IDENTITY[sdk=macosx*]" = "-";
				CODE_SIGN_STYLE = Manual;
				COMBINE_HIDPI_IMAGES = YES;
				CURRENT_PROJECT_VERSION = 2.2.0;
				DEVELOPMENT_ASSET_PATHS = "\"SafeLock/Preview Content\"";
				DEVELOPMENT_TEAM = "";
				ENABLE_HARDENED_RUNTIME = NO;
				ENABLE_PREVIEWS = YES;
				GENERATE_INFOPLIST_FILE = YES;
				INFOPLIST_KEY_CFBundleDisplayName = SafeLock;
				INFOPLIST_KEY_LSApplicationCategoryType = "public.app-category.utilities";
				INFOPLIST_KEY_NSCameraUsageDescription = "Record Webcam";
				INFOPLIST_KEY_NSHumanReadableCopyright = "";
				LD_RUNPATH_SEARCH_PATHS = (
					"$(inherited)",
					"@executable_path/../Frameworks",
				);
				MARKETING_VERSION = 2.2.0;
				PRODUCT_BUNDLE_IDENTIFIER = Zarox28.SafeLock;
				PRODUCT_NAME = "$(TARGET_NAME)";
				PROVISIONING_PROFILE_SPECIFIER = "";
				SWIFT_EMIT_LOC_STRINGS = YES;
				SWIFT_VERSION = 5.0;
			};
			name = Release;
		};
/* End XCBuildConfiguration section */

/* Begin XCConfigurationList section */
		603347072BF0C49D0057AD8B /* Build configuration list for PBXProject "SafeLock" */ = {
			isa = XCConfigurationList;
			buildConfigurations = (
				603347192BF0C49E0057AD8B /* Debug */,
				6033471A2BF0C49E0057AD8B /* Release */,
			);
			defaultConfigurationIsVisible = 0;
			defaultConfigurationName = Release;
		};
		6033471B2BF0C49E0057AD8B /* Build configuration list for PBXNativeTarget "SafeLock" */ = {
			isa = XCConfigurationList;
			buildConfigurations = (
				6033471C2BF0C49E0057AD8B /* Debug */,
				6033471D2BF0C49E0057AD8B /* Release */,
			);
			defaultConfigurationIsVisible = 0;
			defaultConfigurationName = Release;
		};
/* End XCConfigurationList section */
	};
	rootObject = 603347042BF0C49D0057AD8B /* Project object */;
}
